
Microsoft Visual Studio Solution File, Format Version 12.00
# Visual Studio Version 17
VisualStudioVersion = 17.6.33829.357
MinimumVisualStudioVersion = 10.0.40219.1
Project("{9A19103F-16F7-4668-BE54-9A1E7A4F7556}") = "CubosChallenge", "CubosChallenge\CubosChallenge.csproj", "{D66347FB-117D-42C9-8104-1E0A34BE9F86}"
EndProject
Project("{FAE04EC0-301F-11D3-BF4B-00C04F79EFBC}") = "Core", "Core\Core.csproj", "{9F55B331-D1C5-4CCA-9368-245DD37CABA8}"
EndProject
Project("{FAE04EC0-301F-11D3-BF4B-00C04F79EFBC}") = "Infrastructure", "Infrastructure\Infrastructure.csproj", "{8B0718FD-8085-4C27-86A4-9892C71E175A}"
EndProject
Global
	GlobalSection(SolutionConfigurationPlatforms) = preSolution
		Debug|Any CPU = Debug|Any CPU
		Release|Any CPU = Release|Any CPU
	EndGlobalSection
	GlobalSection(ProjectConfigurationPlatforms) = postSolution
		{D66347FB-117D-42C9-8104-1E0A34BE9F86}.Debug|Any CPU.ActiveCfg = Debug|Any CPU
		{D66347FB-117D-42C9-8104-1E0A34BE9F86}.Debug|Any CPU.Build.0 = Debug|Any CPU
		{D66347FB-117D-42C9-8104-1E0A34BE9F86}.Release|Any CPU.ActiveCfg = Release|Any CPU
		{D66347FB-117D-42C9-8104-1E0A34BE9F86}.Release|Any CPU.Build.0 = Release|Any CPU
		{9F55B331-D1C5-4CCA-9368-245DD37CABA8}.Debug|Any CPU.ActiveCfg = Debug|Any CPU
		{9F55B331-D1C5-4CCA-9368-245DD37CABA8}.Debug|Any CPU.Build.0 = Debug|Any CPU
		{9F55B331-D1C5-4CCA-9368-245DD37CABA8}.Release|Any CPU.ActiveCfg = Release|Any CPU
		{9F55B331-D1C5-4CCA-9368-245DD37CABA8}.Release|Any CPU.Build.0 = Release|Any CPU
		{8B0718FD-8085-4C27-86A4-9892C71E175A}.Debug|Any CPU.ActiveCfg = Debug|Any CPU
		{8B0718FD-8085-4C27-86A4-9892C71E175A}.Debug|Any CPU.Build.0 = Debug|Any CPU
		{8B0718FD-8085-4C27-86A4-9892C71E175A}.Release|Any CPU.ActiveCfg = Release|Any CPU
		{8B0718FD-8085-4C27-86A4-9892C71E175A}.Release|Any CPU.Build.0 = Release|Any CPU
	EndGlobalSection
	GlobalSection(SolutionProperties) = preSolution
		HideSolutionNode = FALSE
	EndGlobalSection
	GlobalSection(ExtensibilityGlobals) = postSolution
		SolutionGuid = {D9D3E8D7-BE86-4F7F-ADCE-D9CD1908AA4C}
	EndGlobalSection
EndGlobal
